
Microsoft Visual Studio Solution File, Format Version 12.00
# Visual Studio 15
VisualStudioVersion = 15.0.26124.0
MinimumVisualStudioVersion = 15.0.26124.0
Project("{2150E333-8FDC-42A3-9474-1A3956D46DE8}") = "src", "src", "{7293A66E-86BC-4DC6-93AB-6B9390BF9F4A}"
EndProject
Project("{9A19103F-16F7-4668-BE54-9A1E7A4F7556}") = "SeanFarrow.AccuRXTest.Resources", "src\SeanFarrow.AccuRXTest.Resources\SeanFarrow.AccuRXTest.Resources.csproj", "{CFD6C78E-0D92-43A0-AA92-BEA3E3775080}"
EndProject
Global
	GlobalSection(SolutionConfigurationPlatforms) = preSolution
		Debug|Any CPU = Debug|Any CPU
		Release|Any CPU = Release|Any CPU
	EndGlobalSection
	GlobalSection(ProjectConfigurationPlatforms) = postSolution
		{CFD6C78E-0D92-43A0-AA92-BEA3E3775080}.Debug|Any CPU.ActiveCfg = Debug|Any CPU
		{CFD6C78E-0D92-43A0-AA92-BEA3E3775080}.Debug|Any CPU.Build.0 = Debug|Any CPU
		{CFD6C78E-0D92-43A0-AA92-BEA3E3775080}.Release|Any CPU.ActiveCfg = Release|Any CPU
		{CFD6C78E-0D92-43A0-AA92-BEA3E3775080}.Release|Any CPU.Build.0 = Release|Any CPU
	EndGlobalSection
	GlobalSection(SolutionProperties) = preSolution
		HideSolutionNode = FALSE
	EndGlobalSection
	GlobalSection(NestedProjects) = preSolution
		{CFD6C78E-0D92-43A0-AA92-BEA3E3775080} = {7293A66E-86BC-4DC6-93AB-6B9390BF9F4A}
	EndGlobalSection
	GlobalSection(ExtensibilityGlobals) = postSolution
		SolutionGuid = {44929085-1378-4161-9A10-6C5A72FC6AC6}
	EndGlobalSection
EndGlobal
